
Microsoft Visual Studio Solution File, Format Version 12.00
# Visual Studio 15
VisualStudioVersion = 15.0.27130.2010
MinimumVisualStudioVersion = 10.0.40219.1
Project("{2150E333-8FDC-42A3-9474-1A3956D46DE8}") = "app", "app", "{719C5FDB-7045-469E-A79E-93785446F91F}"
EndProject
Project("{2150E333-8FDC-42A3-9474-1A3956D46DE8}") = "scripts", "scripts", "{1DBAC98D-1578-40BC-A40F-CBBB6C9587F9}"
	ProjectSection(SolutionItems) = preProject
		scripts\InitialSetupScript.sql = scripts\InitialSetupScript.sql
		scripts\UserTableAddAgeColumnScript.sql = scripts\UserTableAddAgeColumnScript.sql
	EndProjectSection
EndProject
Project("{2150E333-8FDC-42A3-9474-1A3956D46DE8}") = "src", "src", "{712F87B3-3A25-44E3-97E3-F53AB0DDB7C4}"
EndProject
Project("{2150E333-8FDC-42A3-9474-1A3956D46DE8}") = "test", "test", "{C8FBCA97-411E-46EF-BB0F-920AA80BA8C3}"
EndProject
Project("{2150E333-8FDC-42A3-9474-1A3956D46DE8}") = "Api", "Api", "{85ECB593-82B9-460D-9F79-7861C029306C}"
EndProject
Project("{2150E333-8FDC-42A3-9474-1A3956D46DE8}") = "Client", "Client", "{79EBF603-7771-4ABD-8B3D-4FF238673477}"
EndProject
Project("{2150E333-8FDC-42A3-9474-1A3956D46DE8}") = "Api.Tests", "Api.Tests", "{A812B9B6-68A6-4FB7-A331-165864262F54}"
EndProject
Project("{2150E333-8FDC-42A3-9474-1A3956D46DE8}") = "Client.Tests", "Client.Tests", "{BA627CD2-636D-45E0-8948-EEE5B9449AB6}"
EndProject
Project("{FAE04EC0-301F-11D3-BF4B-00C04F79EFBC}") = "App.WebApi", "app\src\Api\App.WebApi\App.WebApi.csproj", "{C585CE53-52CF-4455-9DAC-844A4FE6E4BD}"
EndProject
Project("{FAE04EC0-301F-11D3-BF4B-00C04F79EFBC}") = "App.Wpf.Tests", "app\test\Client.Tests\App.Wpf.Tests\App.Wpf.Tests.csproj", "{32FA4820-02AA-46AC-985A-37F49C8D4570}"
EndProject
Project("{FAE04EC0-301F-11D3-BF4B-00C04F79EFBC}") = "App.WebApi.Tests", "app\test\Api.Tests\App.WebApi.Tests\App.WebApi.Tests.csproj", "{DFA0B2B2-E4C5-497F-9038-D2D1597A185B}"
EndProject
Project("{FAE04EC0-301F-11D3-BF4B-00C04F79EFBC}") = "App.Data", "app\src\Api\App.Data\App.Data.csproj", "{644D920E-57A2-4124-A757-E6669F3B31CA}"
EndProject
Project("{FAE04EC0-301F-11D3-BF4B-00C04F79EFBC}") = "App.Core", "app\src\Api\App.Core\App.Core.csproj", "{92CFEA50-45E5-4A31-BC51-55950AA713E5}"
EndProject
Project("{FAE04EC0-301F-11D3-BF4B-00C04F79EFBC}") = "App.Wpf", "app\src\Client\App.Wpf\App.Wpf.csproj", "{72015FC9-719C-44BB-8DE2-3E910FF9DEAF}"
EndProject
Global
	GlobalSection(SolutionConfigurationPlatforms) = preSolution
		Debug|Any CPU = Debug|Any CPU
		Release|Any CPU = Release|Any CPU
	EndGlobalSection
	GlobalSection(ProjectConfigurationPlatforms) = postSolution
		{C585CE53-52CF-4455-9DAC-844A4FE6E4BD}.Debug|Any CPU.ActiveCfg = Debug|Any CPU
		{C585CE53-52CF-4455-9DAC-844A4FE6E4BD}.Debug|Any CPU.Build.0 = Debug|Any CPU
		{C585CE53-52CF-4455-9DAC-844A4FE6E4BD}.Release|Any CPU.ActiveCfg = Release|Any CPU
		{C585CE53-52CF-4455-9DAC-844A4FE6E4BD}.Release|Any CPU.Build.0 = Release|Any CPU
		{32FA4820-02AA-46AC-985A-37F49C8D4570}.Debug|Any CPU.ActiveCfg = Debug|Any CPU
		{32FA4820-02AA-46AC-985A-37F49C8D4570}.Debug|Any CPU.Build.0 = Debug|Any CPU
		{32FA4820-02AA-46AC-985A-37F49C8D4570}.Release|Any CPU.ActiveCfg = Release|Any CPU
		{32FA4820-02AA-46AC-985A-37F49C8D4570}.Release|Any CPU.Build.0 = Release|Any CPU
		{DFA0B2B2-E4C5-497F-9038-D2D1597A185B}.Debug|Any CPU.ActiveCfg = Debug|Any CPU
		{DFA0B2B2-E4C5-497F-9038-D2D1597A185B}.Debug|Any CPU.Build.0 = Debug|Any CPU
		{DFA0B2B2-E4C5-497F-9038-D2D1597A185B}.Release|Any CPU.ActiveCfg = Release|Any CPU
		{DFA0B2B2-E4C5-497F-9038-D2D1597A185B}.Release|Any CPU.Build.0 = Release|Any CPU
		{644D920E-57A2-4124-A757-E6669F3B31CA}.Debug|Any CPU.ActiveCfg = Debug|Any CPU
		{644D920E-57A2-4124-A757-E6669F3B31CA}.Debug|Any CPU.Build.0 = Debug|Any CPU
		{644D920E-57A2-4124-A757-E6669F3B31CA}.Release|Any CPU.ActiveCfg = Release|Any CPU
		{644D920E-57A2-4124-A757-E6669F3B31CA}.Release|Any CPU.Build.0 = Release|Any CPU
		{92CFEA50-45E5-4A31-BC51-55950AA713E5}.Debug|Any CPU.ActiveCfg = Debug|Any CPU
		{92CFEA50-45E5-4A31-BC51-55950AA713E5}.Debug|Any CPU.Build.0 = Debug|Any CPU
		{92CFEA50-45E5-4A31-BC51-55950AA713E5}.Release|Any CPU.ActiveCfg = Release|Any CPU
		{92CFEA50-45E5-4A31-BC51-55950AA713E5}.Release|Any CPU.Build.0 = Release|Any CPU
		{72015FC9-719C-44BB-8DE2-3E910FF9DEAF}.Debug|Any CPU.ActiveCfg = Debug|Any CPU
		{72015FC9-719C-44BB-8DE2-3E910FF9DEAF}.Debug|Any CPU.Build.0 = Debug|Any CPU
		{72015FC9-719C-44BB-8DE2-3E910FF9DEAF}.Release|Any CPU.ActiveCfg = Release|Any CPU
		{72015FC9-719C-44BB-8DE2-3E910FF9DEAF}.Release|Any CPU.Build.0 = Release|Any CPU
	EndGlobalSection
	GlobalSection(SolutionProperties) = preSolution
		HideSolutionNode = FALSE
	EndGlobalSection
	GlobalSection(NestedProjects) = preSolution
		{712F87B3-3A25-44E3-97E3-F53AB0DDB7C4} = {719C5FDB-7045-469E-A79E-93785446F91F}
		{C8FBCA97-411E-46EF-BB0F-920AA80BA8C3} = {719C5FDB-7045-469E-A79E-93785446F91F}
		{85ECB593-82B9-460D-9F79-7861C029306C} = {712F87B3-3A25-44E3-97E3-F53AB0DDB7C4}
		{79EBF603-7771-4ABD-8B3D-4FF238673477} = {712F87B3-3A25-44E3-97E3-F53AB0DDB7C4}
		{A812B9B6-68A6-4FB7-A331-165864262F54} = {C8FBCA97-411E-46EF-BB0F-920AA80BA8C3}
		{BA627CD2-636D-45E0-8948-EEE5B9449AB6} = {C8FBCA97-411E-46EF-BB0F-920AA80BA8C3}
		{C585CE53-52CF-4455-9DAC-844A4FE6E4BD} = {85ECB593-82B9-460D-9F79-7861C029306C}
		{32FA4820-02AA-46AC-985A-37F49C8D4570} = {BA627CD2-636D-45E0-8948-EEE5B9449AB6}
		{DFA0B2B2-E4C5-497F-9038-D2D1597A185B} = {A812B9B6-68A6-4FB7-A331-165864262F54}
		{644D920E-57A2-4124-A757-E6669F3B31CA} = {85ECB593-82B9-460D-9F79-7861C029306C}
		{92CFEA50-45E5-4A31-BC51-55950AA713E5} = {85ECB593-82B9-460D-9F79-7861C029306C}
		{72015FC9-719C-44BB-8DE2-3E910FF9DEAF} = {79EBF603-7771-4ABD-8B3D-4FF238673477}
	EndGlobalSection
	GlobalSection(ExtensibilityGlobals) = postSolution
		SolutionGuid = {F20AA487-974E-4D62-954D-F40C43C697DB}
	EndGlobalSection
EndGlobal
